
Microsoft Visual Studio Solution File, Format Version 12.00
# Visual Studio Version 17
VisualStudioVersion = 17.9.34728.123
MinimumVisualStudioVersion = 10.0.40219.1
Project("{FAE04EC0-301F-11D3-BF4B-00C04F79EFBC}") = "WinFormsApp4", "WinFormsApp4\WinFormsApp4.csproj", "{C922A421-8D4D-4BCC-BCC5-3BDBC439E446}"
EndProject
Global
	GlobalSection(SolutionConfigurationPlatforms) = preSolution
		Debug|Any CPU = Debug|Any CPU
		Release|Any CPU = Release|Any CPU
	EndGlobalSection
	GlobalSection(ProjectConfigurationPlatforms) = postSolution
		{C922A421-8D4D-4BCC-BCC5-3BDBC439E446}.Debug|Any CPU.ActiveCfg = Debug|Any CPU
		{C922A421-8D4D-4BCC-BCC5-3BDBC439E446}.Debug|Any CPU.Build.0 = Debug|Any CPU
		{C922A421-8D4D-4BCC-BCC5-3BDBC439E446}.Release|Any CPU.ActiveCfg = Release|Any CPU
		{C922A421-8D4D-4BCC-BCC5-3BDBC439E446}.Release|Any CPU.Build.0 = Release|Any CPU
	EndGlobalSection
	GlobalSection(SolutionProperties) = preSolution
		HideSolutionNode = FALSE
	EndGlobalSection
	GlobalSection(ExtensibilityGlobals) = postSolution
		SolutionGuid = {A046AD8B-6F64-4889-8133-F2BDA607D2E9}
	EndGlobalSection
EndGlobal
