
Microsoft Visual Studio Solution File, Format Version 12.00
# Visual Studio Version 17
VisualStudioVersion = 17.11.35303.130
MinimumVisualStudioVersion = 10.0.40219.1
Project("{FAE04EC0-301F-11D3-BF4B-00C04F79EFBC}") = "peselChecker", "peselChecker\peselChecker.csproj", "{D797BB5F-85D1-437A-91A6-828407CBE73F}"
EndProject
Global
	GlobalSection(SolutionConfigurationPlatforms) = preSolution
		Debug|Any CPU = Debug|Any CPU
		Release|Any CPU = Release|Any CPU
	EndGlobalSection
	GlobalSection(ProjectConfigurationPlatforms) = postSolution
		{D797BB5F-85D1-437A-91A6-828407CBE73F}.Debug|Any CPU.ActiveCfg = Debug|Any CPU
		{D797BB5F-85D1-437A-91A6-828407CBE73F}.Debug|Any CPU.Build.0 = Debug|Any CPU
		{D797BB5F-85D1-437A-91A6-828407CBE73F}.Release|Any CPU.ActiveCfg = Release|Any CPU
		{D797BB5F-85D1-437A-91A6-828407CBE73F}.Release|Any CPU.Build.0 = Release|Any CPU
	EndGlobalSection
	GlobalSection(SolutionProperties) = preSolution
		HideSolutionNode = FALSE
	EndGlobalSection
	GlobalSection(ExtensibilityGlobals) = postSolution
		SolutionGuid = {49E5EEC9-C08D-4817-A044-90AD0C376BE1}
	EndGlobalSection
EndGlobal
