
Microsoft Visual Studio Solution File, Format Version 12.00
# Visual Studio Version 17
VisualStudioVersion = 17.9.34728.123
MinimumVisualStudioVersion = 10.0.40219.1
Project("{FAE04EC0-301F-11D3-BF4B-00C04F79EFBC}") = "dane", "dane\dane.csproj", "{1FCAE2B5-B87A-40F9-AAA0-5255CDD63992}"
EndProject
Global
	GlobalSection(SolutionConfigurationPlatforms) = preSolution
		Debug|Any CPU = Debug|Any CPU
		Release|Any CPU = Release|Any CPU
	EndGlobalSection
	GlobalSection(ProjectConfigurationPlatforms) = postSolution
		{1FCAE2B5-B87A-40F9-AAA0-5255CDD63992}.Debug|Any CPU.ActiveCfg = Debug|Any CPU
		{1FCAE2B5-B87A-40F9-AAA0-5255CDD63992}.Debug|Any CPU.Build.0 = Debug|Any CPU
		{1FCAE2B5-B87A-40F9-AAA0-5255CDD63992}.Release|Any CPU.ActiveCfg = Release|Any CPU
		{1FCAE2B5-B87A-40F9-AAA0-5255CDD63992}.Release|Any CPU.Build.0 = Release|Any CPU
	EndGlobalSection
	GlobalSection(SolutionProperties) = preSolution
		HideSolutionNode = FALSE
	EndGlobalSection
	GlobalSection(ExtensibilityGlobals) = postSolution
		SolutionGuid = {E2CAE0CA-2D2A-45B8-8573-FEDE40FE0A85}
	EndGlobalSection
EndGlobal
