
Microsoft Visual Studio Solution File, Format Version 12.00
# Visual Studio Version 17
VisualStudioVersion = 17.12.35521.163 d17.12
MinimumVisualStudioVersion = 10.0.40219.1
Project("{FAE04EC0-301F-11D3-BF4B-00C04F79EFBC}") = "Eratostenes", "Eratostenes\Eratostenes.csproj", "{2F9567CD-7174-41DC-89A0-47BF0CC47FDE}"
EndProject
Global
	GlobalSection(SolutionConfigurationPlatforms) = preSolution
		Debug|Any CPU = Debug|Any CPU
		Release|Any CPU = Release|Any CPU
	EndGlobalSection
	GlobalSection(ProjectConfigurationPlatforms) = postSolution
		{2F9567CD-7174-41DC-89A0-47BF0CC47FDE}.Debug|Any CPU.ActiveCfg = Debug|Any CPU
		{2F9567CD-7174-41DC-89A0-47BF0CC47FDE}.Debug|Any CPU.Build.0 = Debug|Any CPU
		{2F9567CD-7174-41DC-89A0-47BF0CC47FDE}.Release|Any CPU.ActiveCfg = Release|Any CPU
		{2F9567CD-7174-41DC-89A0-47BF0CC47FDE}.Release|Any CPU.Build.0 = Release|Any CPU
	EndGlobalSection
	GlobalSection(SolutionProperties) = preSolution
		HideSolutionNode = FALSE
	EndGlobalSection
EndGlobal
